
Microsoft Visual Studio Solution File, Format Version 12.00
# Visual Studio Version 16
VisualStudioVersion = 16.0.35826.135
MinimumVisualStudioVersion = 10.0.40219.1
Project("{FAE04EC0-301F-11D3-BF4B-00C04F79EFBC}") = "BTL", "BTL\BTL.csproj", "{DEC5FBA6-1A94-4FFB-8307-84702B215DF6}"
EndProject
Global
	GlobalSection(SolutionConfigurationPlatforms) = preSolution
		Debug|Any CPU = Debug|Any CPU
		Release|Any CPU = Release|Any CPU
	EndGlobalSection
	GlobalSection(ProjectConfigurationPlatforms) = postSolution
		{DEC5FBA6-1A94-4FFB-8307-84702B215DF6}.Debug|Any CPU.ActiveCfg = Debug|Any CPU
		{DEC5FBA6-1A94-4FFB-8307-84702B215DF6}.Debug|Any CPU.Build.0 = Debug|Any CPU
		{DEC5FBA6-1A94-4FFB-8307-84702B215DF6}.Release|Any CPU.ActiveCfg = Release|Any CPU
		{DEC5FBA6-1A94-4FFB-8307-84702B215DF6}.Release|Any CPU.Build.0 = Release|Any CPU
	EndGlobalSection
	GlobalSection(SolutionProperties) = preSolution
		HideSolutionNode = FALSE
	EndGlobalSection
	GlobalSection(ExtensibilityGlobals) = postSolution
		SolutionGuid = {78D7D48A-6B0F-4CFF-853F-7CCB5FF07999}
	EndGlobalSection
EndGlobal
